
Microsoft Visual Studio Solution File, Format Version 12.00
# Visual Studio Version 16
VisualStudioVersion = 16.0.29806.167
MinimumVisualStudioVersion = 10.0.40219.1
Project("{8BC9CEB8-8B4A-11D0-8D11-00A0C91BC942}") = "SDA_lab2_2", "SDA_lab2_2\SDA_lab2_2.vcxproj", "{A4919F77-157B-4450-8704-3A4F2BAFF593}"
EndProject
Global
	GlobalSection(SolutionConfigurationPlatforms) = preSolution
		Debug|x64 = Debug|x64
		Debug|x86 = Debug|x86
		Release|x64 = Release|x64
		Release|x86 = Release|x86
	EndGlobalSection
	GlobalSection(ProjectConfigurationPlatforms) = postSolution
		{A4919F77-157B-4450-8704-3A4F2BAFF593}.Debug|x64.ActiveCfg = Debug|x64
		{A4919F77-157B-4450-8704-3A4F2BAFF593}.Debug|x64.Build.0 = Debug|x64
		{A4919F77-157B-4450-8704-3A4F2BAFF593}.Debug|x86.ActiveCfg = Debug|Win32
		{A4919F77-157B-4450-8704-3A4F2BAFF593}.Debug|x86.Build.0 = Debug|Win32
		{A4919F77-157B-4450-8704-3A4F2BAFF593}.Release|x64.ActiveCfg = Release|x64
		{A4919F77-157B-4450-8704-3A4F2BAFF593}.Release|x64.Build.0 = Release|x64
		{A4919F77-157B-4450-8704-3A4F2BAFF593}.Release|x86.ActiveCfg = Release|Win32
		{A4919F77-157B-4450-8704-3A4F2BAFF593}.Release|x86.Build.0 = Release|Win32
	EndGlobalSection
	GlobalSection(SolutionProperties) = preSolution
		HideSolutionNode = FALSE
	EndGlobalSection
	GlobalSection(ExtensibilityGlobals) = postSolution
		SolutionGuid = {03738A1E-E19E-4714-BA64-EBEF0898DDB2}
	EndGlobalSection
EndGlobal
